
Microsoft Visual Studio Solution File, Format Version 12.00
# Visual Studio 15
VisualStudioVersion = 15.0.26430.6
MinimumVisualStudioVersion = 15.0
Project("{FAE04EC0-301F-11D3-BF4B-00C04F79EFBC}") = "Library", "Library\Library.csproj", "{46E93CDB-8543-442A-A383-E6B9367783FA}"
EndProject
Project("{FAE04EC0-301F-11D3-BF4B-00C04F79EFBC}") = "UnitTests", "UnitTests\UnitTests.csproj", "{0FC99627-B113-4698-89C4-E94AEAFC78D7}"
EndProject
Global
	GlobalSection(SolutionConfigurationPlatforms) = preSolution
		Debug|Any CPU = Debug|Any CPU
		Release|Any CPU = Release|Any CPU
	EndGlobalSection
	GlobalSection(ProjectConfigurationPlatforms) = postSolution
		{46E93CDB-8543-442A-A383-E6B9367783FA}.Debug|Any CPU.ActiveCfg = Debug|Any CPU
		{46E93CDB-8543-442A-A383-E6B9367783FA}.Debug|Any CPU.Build.0 = Debug|Any CPU
		{46E93CDB-8543-442A-A383-E6B9367783FA}.Release|Any CPU.ActiveCfg = Release|Any CPU
		{46E93CDB-8543-442A-A383-E6B9367783FA}.Release|Any CPU.Build.0 = Release|Any CPU
		{0FC99627-B113-4698-89C4-E94AEAFC78D7}.Debug|Any CPU.ActiveCfg = Debug|Any CPU
		{0FC99627-B113-4698-89C4-E94AEAFC78D7}.Debug|Any CPU.Build.0 = Debug|Any CPU
		{0FC99627-B113-4698-89C4-E94AEAFC78D7}.Release|Any CPU.ActiveCfg = Release|Any CPU
		{0FC99627-B113-4698-89C4-E94AEAFC78D7}.Release|Any CPU.Build.0 = Release|Any CPU
	EndGlobalSection
	GlobalSection(SolutionProperties) = preSolution
		HideSolutionNode = FALSE
	EndGlobalSection
EndGlobal
